
Microsoft Visual Studio Solution File, Format Version 12.00
# Visual Studio Version 16
VisualStudioVersion = 16.0.28803.202
MinimumVisualStudioVersion = 10.0.40219.1
Project("{FAE04EC0-301F-11D3-BF4B-00C04F79EFBC}") = "filas", "filas.csproj", "{690EC978-E049-4E9E-8336-0ECDFAA40687}"
EndProject
Global
	GlobalSection(SolutionConfigurationPlatforms) = preSolution
		Debug|Any CPU = Debug|Any CPU
		Release|Any CPU = Release|Any CPU
	EndGlobalSection
	GlobalSection(ProjectConfigurationPlatforms) = postSolution
		{690EC978-E049-4E9E-8336-0ECDFAA40687}.Debug|Any CPU.ActiveCfg = Debug|Any CPU
		{690EC978-E049-4E9E-8336-0ECDFAA40687}.Debug|Any CPU.Build.0 = Debug|Any CPU
		{690EC978-E049-4E9E-8336-0ECDFAA40687}.Release|Any CPU.ActiveCfg = Release|Any CPU
		{690EC978-E049-4E9E-8336-0ECDFAA40687}.Release|Any CPU.Build.0 = Release|Any CPU
	EndGlobalSection
	GlobalSection(SolutionProperties) = preSolution
		HideSolutionNode = FALSE
	EndGlobalSection
	GlobalSection(ExtensibilityGlobals) = postSolution
		SolutionGuid = {B556E740-84F7-451D-82CA-10D281E414F9}
	EndGlobalSection
EndGlobal
